{
  "name": "blog-estelle-gaits",
  "version": "1.0.0",
  "lockfileVersion": 1,
  "requires": true,
  "dependencies": {
    "bootstrap": {
      "version": "5.1.0",
      "resolved": "https://registry.npmjs.org/bootstrap/-/bootstrap-5.1.0.tgz",
      "integrity": "sha512-bs74WNI9BgBo3cEovmdMHikSKoXnDgA6VQjJ7TyTotU6L7d41ZyCEEelPwkYEzsG/Zjv3ie9IE3EMAje0W9Xew=="
    },
    "startbootstrap-clean-blog": {
      "version": "6.0.5",
      "resolved": "https://registry.npmjs.org/startbootstrap-clean-blog/-/startbootstrap-clean-blog-6.0.5.tgz",
      "integrity": "sha512-tZS0ngJvhbc5IMnba0jQTGHiUHmLW0P7MgRYzCBAlyIeoM2OhIWEwD4X5cYq5p4iN1IP7xhe9XRo2NUBmLhuPw==",
      "requires": {
        "bootstrap": "5.1.0"
      }
    }
  }
}
